
Microsoft Visual Studio Solution File, Format Version 12.00
# Visual Studio Version 17
VisualStudioVersion = 17.12.35527.113
MinimumVisualStudioVersion = 10.0.40219.1
Project("{FAE04EC0-301F-11D3-BF4B-00C04F79EFBC}") = "service-a", "service-a\service-a.csproj", "{B6FBE331-A5CB-4E68-8C64-206F8416C70B}"
EndProject
Project("{FAE04EC0-301F-11D3-BF4B-00C04F79EFBC}") = "service-b", "service-b\service-b.csproj", "{302F10C3-E79C-4F9E-AC1F-67EC99B0E167}"
EndProject
Project("{E53339B2-1760-4266-BCC7-CA923CBCF16C}") = "docker-compose", "docker-compose.dcproj", "{81C4ED0E-0A94-4FDB-85D3-F9135C75B7B6}"
EndProject
Global
	GlobalSection(SolutionConfigurationPlatforms) = preSolution
		Debug|Any CPU = Debug|Any CPU
		Release|Any CPU = Release|Any CPU
	EndGlobalSection
	GlobalSection(ProjectConfigurationPlatforms) = postSolution
		{B6FBE331-A5CB-4E68-8C64-206F8416C70B}.Debug|Any CPU.ActiveCfg = Debug|Any CPU
		{B6FBE331-A5CB-4E68-8C64-206F8416C70B}.Debug|Any CPU.Build.0 = Debug|Any CPU
		{B6FBE331-A5CB-4E68-8C64-206F8416C70B}.Release|Any CPU.ActiveCfg = Release|Any CPU
		{B6FBE331-A5CB-4E68-8C64-206F8416C70B}.Release|Any CPU.Build.0 = Release|Any CPU
		{302F10C3-E79C-4F9E-AC1F-67EC99B0E167}.Debug|Any CPU.ActiveCfg = Debug|Any CPU
		{302F10C3-E79C-4F9E-AC1F-67EC99B0E167}.Debug|Any CPU.Build.0 = Debug|Any CPU
		{302F10C3-E79C-4F9E-AC1F-67EC99B0E167}.Release|Any CPU.ActiveCfg = Release|Any CPU
		{302F10C3-E79C-4F9E-AC1F-67EC99B0E167}.Release|Any CPU.Build.0 = Release|Any CPU
		{81C4ED0E-0A94-4FDB-85D3-F9135C75B7B6}.Debug|Any CPU.ActiveCfg = Debug|Any CPU
		{81C4ED0E-0A94-4FDB-85D3-F9135C75B7B6}.Debug|Any CPU.Build.0 = Debug|Any CPU
		{81C4ED0E-0A94-4FDB-85D3-F9135C75B7B6}.Release|Any CPU.ActiveCfg = Release|Any CPU
		{81C4ED0E-0A94-4FDB-85D3-F9135C75B7B6}.Release|Any CPU.Build.0 = Release|Any CPU
	EndGlobalSection
	GlobalSection(SolutionProperties) = preSolution
		HideSolutionNode = FALSE
	EndGlobalSection
EndGlobal
